
Microsoft Visual Studio Solution File, Format Version 12.00
# Visual Studio Version 17
VisualStudioVersion = 17.5.33516.290
MinimumVisualStudioVersion = 10.0.40219.1
Project("{FAE04EC0-301F-11D3-BF4B-00C04F79EFBC}") = "Email Blob Trigger", "Email Blob Trigger\Email Blob Trigger.csproj", "{D052E514-5DCB-430B-A802-AB096E02C8AF}"
EndProject
Global
	GlobalSection(SolutionConfigurationPlatforms) = preSolution
		Debug|Any CPU = Debug|Any CPU
		Release|Any CPU = Release|Any CPU
	EndGlobalSection
	GlobalSection(ProjectConfigurationPlatforms) = postSolution
		{D052E514-5DCB-430B-A802-AB096E02C8AF}.Debug|Any CPU.ActiveCfg = Debug|Any CPU
		{D052E514-5DCB-430B-A802-AB096E02C8AF}.Debug|Any CPU.Build.0 = Debug|Any CPU
		{D052E514-5DCB-430B-A802-AB096E02C8AF}.Release|Any CPU.ActiveCfg = Release|Any CPU
		{D052E514-5DCB-430B-A802-AB096E02C8AF}.Release|Any CPU.Build.0 = Release|Any CPU
	EndGlobalSection
	GlobalSection(SolutionProperties) = preSolution
		HideSolutionNode = FALSE
	EndGlobalSection
	GlobalSection(ExtensibilityGlobals) = postSolution
		SolutionGuid = {50514499-AE86-4663-A355-FB23332066D5}
	EndGlobalSection
EndGlobal
