
Microsoft Visual Studio Solution File, Format Version 12.00
# Visual Studio Version 17
VisualStudioVersion = 17.6.33829.357
MinimumVisualStudioVersion = 10.0.40219.1
Project("{9A19103F-16F7-4668-BE54-9A1E7A4F7556}") = "FunctionApp", "FunctionApp1\FunctionApp.csproj", "{F36F6D90-49DB-489B-BE29-4CD35C92B9FF}"
EndProject
Global
	GlobalSection(SolutionConfigurationPlatforms) = preSolution
		Debug|Any CPU = Debug|Any CPU
		Release|Any CPU = Release|Any CPU
	EndGlobalSection
	GlobalSection(ProjectConfigurationPlatforms) = postSolution
		{F36F6D90-49DB-489B-BE29-4CD35C92B9FF}.Debug|Any CPU.ActiveCfg = Debug|Any CPU
		{F36F6D90-49DB-489B-BE29-4CD35C92B9FF}.Debug|Any CPU.Build.0 = Debug|Any CPU
		{F36F6D90-49DB-489B-BE29-4CD35C92B9FF}.Release|Any CPU.ActiveCfg = Release|Any CPU
		{F36F6D90-49DB-489B-BE29-4CD35C92B9FF}.Release|Any CPU.Build.0 = Release|Any CPU
	EndGlobalSection
	GlobalSection(SolutionProperties) = preSolution
		HideSolutionNode = FALSE
	EndGlobalSection
	GlobalSection(ExtensibilityGlobals) = postSolution
		SolutionGuid = {E1437E88-C4B8-4770-8843-E16B84078E88}
	EndGlobalSection
EndGlobal
